
Microsoft Visual Studio Solution File, Format Version 12.00
# Visual Studio Version 16
VisualStudioVersion = 16.0.33927.289
MinimumVisualStudioVersion = 10.0.40219.1
Project("{FAE04EC0-301F-11D3-BF4B-00C04F79EFBC}") = "Parcial2MasterPage", "Parcial2MasterPage\Parcial2MasterPage.csproj", "{EF4159AC-49ED-451A-932E-57C221B39BA2}"
EndProject
Global
	GlobalSection(SolutionConfigurationPlatforms) = preSolution
		Debug|Any CPU = Debug|Any CPU
		Release|Any CPU = Release|Any CPU
	EndGlobalSection
	GlobalSection(ProjectConfigurationPlatforms) = postSolution
		{EF4159AC-49ED-451A-932E-57C221B39BA2}.Debug|Any CPU.ActiveCfg = Debug|Any CPU
		{EF4159AC-49ED-451A-932E-57C221B39BA2}.Debug|Any CPU.Build.0 = Debug|Any CPU
		{EF4159AC-49ED-451A-932E-57C221B39BA2}.Release|Any CPU.ActiveCfg = Release|Any CPU
		{EF4159AC-49ED-451A-932E-57C221B39BA2}.Release|Any CPU.Build.0 = Release|Any CPU
	EndGlobalSection
	GlobalSection(SolutionProperties) = preSolution
		HideSolutionNode = FALSE
	EndGlobalSection
	GlobalSection(ExtensibilityGlobals) = postSolution
		SolutionGuid = {66BBBEE3-48F3-4516-9E06-917D28CB0733}
	EndGlobalSection
EndGlobal
